
Microsoft Visual Studio Solution File, Format Version 12.00
# Visual Studio Version 16
VisualStudioVersion = 16.0.31005.135
MinimumVisualStudioVersion = 10.0.40219.1
Project("{FAE04EC0-301F-11D3-BF4B-00C04F79EFBC}") = "DipProj", "DipProj\DipProj.csproj", "{7F16848C-938C-436B-92FC-4B2B0F27C4FD}"
EndProject
Global
	GlobalSection(SolutionConfigurationPlatforms) = preSolution
		Debug|Any CPU = Debug|Any CPU
		Release|Any CPU = Release|Any CPU
	EndGlobalSection
	GlobalSection(ProjectConfigurationPlatforms) = postSolution
		{7F16848C-938C-436B-92FC-4B2B0F27C4FD}.Debug|Any CPU.ActiveCfg = Debug|Any CPU
		{7F16848C-938C-436B-92FC-4B2B0F27C4FD}.Debug|Any CPU.Build.0 = Debug|Any CPU
		{7F16848C-938C-436B-92FC-4B2B0F27C4FD}.Release|Any CPU.ActiveCfg = Release|Any CPU
		{7F16848C-938C-436B-92FC-4B2B0F27C4FD}.Release|Any CPU.Build.0 = Release|Any CPU
	EndGlobalSection
	GlobalSection(SolutionProperties) = preSolution
		HideSolutionNode = FALSE
	EndGlobalSection
	GlobalSection(ExtensibilityGlobals) = postSolution
		SolutionGuid = {263587EF-DD0C-4CF5-8835-A30EE63C107B}
	EndGlobalSection
EndGlobal
